
Microsoft Visual Studio Solution File, Format Version 12.00
# Visual Studio 14
VisualStudioVersion = 14.0.23107.0
MinimumVisualStudioVersion = 10.0.40219.1
Project("{FAE04EC0-301F-11D3-BF4B-00C04F79EFBC}") = "Gibbit.Core", "Gibbit.Core\Gibbit.Core.csproj", "{6F78E194-9AF8-436C-973E-AB8CE9712A2B}"
EndProject
Project("{FAE04EC0-301F-11D3-BF4B-00C04F79EFBC}") = "GibbitDroid", "GibbitDroid\GibbitDroid.csproj", "{4CCE895A-2456-4172-AFAC-4B9FBBBB2C57}"
EndProject
Global
	GlobalSection(SolutionConfigurationPlatforms) = preSolution
		Debug|Any CPU = Debug|Any CPU
		Release|Any CPU = Release|Any CPU
	EndGlobalSection
	GlobalSection(ProjectConfigurationPlatforms) = postSolution
		{6F78E194-9AF8-436C-973E-AB8CE9712A2B}.Debug|Any CPU.ActiveCfg = Debug|Any CPU
		{6F78E194-9AF8-436C-973E-AB8CE9712A2B}.Debug|Any CPU.Build.0 = Debug|Any CPU
		{6F78E194-9AF8-436C-973E-AB8CE9712A2B}.Release|Any CPU.ActiveCfg = Release|Any CPU
		{6F78E194-9AF8-436C-973E-AB8CE9712A2B}.Release|Any CPU.Build.0 = Release|Any CPU
		{4CCE895A-2456-4172-AFAC-4B9FBBBB2C57}.Debug|Any CPU.ActiveCfg = Debug|Any CPU
		{4CCE895A-2456-4172-AFAC-4B9FBBBB2C57}.Debug|Any CPU.Build.0 = Debug|Any CPU
		{4CCE895A-2456-4172-AFAC-4B9FBBBB2C57}.Debug|Any CPU.Deploy.0 = Debug|Any CPU
		{4CCE895A-2456-4172-AFAC-4B9FBBBB2C57}.Release|Any CPU.ActiveCfg = Release|Any CPU
		{4CCE895A-2456-4172-AFAC-4B9FBBBB2C57}.Release|Any CPU.Build.0 = Release|Any CPU
	EndGlobalSection
	GlobalSection(SolutionProperties) = preSolution
		HideSolutionNode = FALSE
	EndGlobalSection
EndGlobal
